
Microsoft Visual Studio Solution File, Format Version 12.00
# Visual Studio Version 17
VisualStudioVersion = 17.11.35327.3
MinimumVisualStudioVersion = 10.0.40219.1
Project("{9A19103F-16F7-4668-BE54-9A1E7A4F7556}") = "RARE", "RARE.csproj", "{7E9AC960-463F-4C50-A115-DD80F8051434}"
EndProject
Global
	GlobalSection(SolutionConfigurationPlatforms) = preSolution
		Debug|Any CPU = Debug|Any CPU
		Release|Any CPU = Release|Any CPU
	EndGlobalSection
	GlobalSection(ProjectConfigurationPlatforms) = postSolution
		{7E9AC960-463F-4C50-A115-DD80F8051434}.Debug|Any CPU.ActiveCfg = Debug|Any CPU
		{7E9AC960-463F-4C50-A115-DD80F8051434}.Debug|Any CPU.Build.0 = Debug|Any CPU
		{7E9AC960-463F-4C50-A115-DD80F8051434}.Release|Any CPU.ActiveCfg = Release|Any CPU
		{7E9AC960-463F-4C50-A115-DD80F8051434}.Release|Any CPU.Build.0 = Release|Any CPU
	EndGlobalSection
	GlobalSection(SolutionProperties) = preSolution
		HideSolutionNode = FALSE
	EndGlobalSection
	GlobalSection(ExtensibilityGlobals) = postSolution
		SolutionGuid = {53F30173-1737-40A1-8245-DF791488691A}
	EndGlobalSection
EndGlobal
